// !$*UTF8*$!
{
	archiveVersion = 1;
	classes = {
	};
	objectVersion = 55;
	objects = {

/* Begin PBXBuildFile section */
		9150F0E82821122400860EDB /* RecipeAppUIApp.swift in Sources */ = {isa = PBXBuildFile; fileRef = 9150F0E72821122400860EDB /* RecipeAppUIApp.swift */; };
		9150F0EA2821122400860EDB /* ContentView.swift in Sources */ = {isa = PBXBuildFile; fileRef = 9150F0E92821122400860EDB /* ContentView.swift */; };
		9150F0EC2821122700860EDB /* Assets.xcassets in Resources */ = {isa = PBXBuildFile; fileRef = 9150F0EB2821122700860EDB /* Assets.xcassets */; };
		9150F0EF2821122700860EDB /* Preview Assets.xcassets in Resources */ = {isa = PBXBuildFile; fileRef = 9150F0EE2821122700860EDB /* Preview Assets.xcassets */; };
		9150F0FA2821128900860EDB /* HomeView.swift in Sources */ = {isa = PBXBuildFile; fileRef = 9150F0F92821128900860EDB /* HomeView.swift */; };
		9150F0FC2821129A00860EDB /* CategoriesView.swift in Sources */ = {isa = PBXBuildFile; fileRef = 9150F0FB2821129A00860EDB /* CategoriesView.swift */; };
		9150F0FE282112C700860EDB /* NewRecipeView.swift in Sources */ = {isa = PBXBuildFile; fileRef = 9150F0FD282112C700860EDB /* NewRecipeView.swift */; };
		9150F100282112D800860EDB /* FavouritesView.swift in Sources */ = {isa = PBXBuildFile; fileRef = 9150F0FF282112D700860EDB /* FavouritesView.swift */; };
		9150F102282112E300860EDB /* SettingsView.swift in Sources */ = {isa = PBXBuildFile; fileRef = 9150F101282112E300860EDB /* SettingsView.swift */; };
		9150F104282112F300860EDB /* TabBar.swift in Sources */ = {isa = PBXBuildFile; fileRef = 9150F103282112F300860EDB /* TabBar.swift */; };
		9150F106282117B300860EDB /* RecipeModel.swift in Sources */ = {isa = PBXBuildFile; fileRef = 9150F105282117B300860EDB /* RecipeModel.swift */; };
		9150F10A2822FE4A00860EDB /* RecipeCard.swift in Sources */ = {isa = PBXBuildFile; fileRef = 9150F1092822FE4A00860EDB /* RecipeCard.swift */; };
/* End PBXBuildFile section */

/* Begin PBXFileReference section */
		9150F0E42821122400860EDB /* RecipeAppUI.app */ = {isa = PBXFileReference; explicitFileType = wrapper.application; includeInIndex = 0; path = RecipeAppUI.app; sourceTree = BUILT_PRODUCTS_DIR; };
		9150F0E72821122400860EDB /* RecipeAppUIApp.swift */ = {isa = PBXFileReference; lastKnownFileType = sourcecode.swift; path = RecipeAppUIApp.swift; sourceTree = "<group>"; };
		9150F0E92821122400860EDB /* ContentView.swift */ = {isa = PBXFileReference; lastKnownFileType = sourcecode.swift; path = ContentView.swift; sourceTree = "<group>"; };
		9150F0EB2821122700860EDB /* Assets.xcassets */ = {isa = PBXFileReference; lastKnownFileType = folder.assetcatalog; path = Assets.xcassets; sourceTree = "<group>"; };
		9150F0EE2821122700860EDB /* Preview Assets.xcassets */ = {isa = PBXFileReference; lastKnownFileType = folder.assetcatalog; path = "Preview Assets.xcassets"; sourceTree = "<group>"; };
		9150F0F92821128900860EDB /* HomeView.swift */ = {isa = PBXFileReference; lastKnownFileType = sourcecode.swift; path = HomeView.swift; sourceTree = "<group>"; };
		9150F0FB2821129A00860EDB /* CategoriesView.swift */ = {isa = PBXFileReference; lastKnownFileType = sourcecode.swift; path = CategoriesView.swift; sourceTree = "<group>"; };
		9150F0FD282112C700860EDB /* NewRecipeView.swift */ = {isa = PBXFileReference; lastKnownFileType = sourcecode.swift; path = NewRecipeView.swift; sourceTree = "<group>"; };
		9150F0FF282112D700860EDB /* FavouritesView.swift */ = {isa = PBXFileReference; lastKnownFileType = sourcecode.swift; path = FavouritesView.swift; sourceTree = "<group>"; };
		9150F101282112E300860EDB /* SettingsView.swift */ = {isa = PBXFileReference; lastKnownFileType = sourcecode.swift; path = SettingsView.swift; sourceTree = "<group>"; };
		9150F103282112F300860EDB /* TabBar.swift */ = {isa = PBXFileReference; lastKnownFileType = sourcecode.swift; path = TabBar.swift; sourceTree = "<group>"; };
		9150F105282117B300860EDB /* RecipeModel.swift */ = {isa = PBXFileReference; lastKnownFileType = sourcecode.swift; path = RecipeModel.swift; sourceTree = "<group>"; };
		9150F1092822FE4A00860EDB /* RecipeCard.swift */ = {isa = PBXFileReference; lastKnownFileType = sourcecode.swift; path = RecipeCard.swift; sourceTree = "<group>"; };
/* End PBXFileReference section */

/* Begin PBXFrameworksBuildPhase section */
		9150F0E12821122400860EDB /* Frameworks */ = {
			isa = PBXFrameworksBuildPhase;
			buildActionMask = 2147483647;
			files = (
			);
			runOnlyForDeploymentPostprocessing = 0;
		};
/* End PBXFrameworksBuildPhase section */

/* Begin PBXGroup section */
		9150F0DB2821122400860EDB = {
			isa = PBXGroup;
			children = (
				9150F0E62821122400860EDB /* RecipeAppUI */,
				9150F0E52821122400860EDB /* Products */,
			);
			sourceTree = "<group>";
		};
		9150F0E52821122400860EDB /* Products */ = {
			isa = PBXGroup;
			children = (
				9150F0E42821122400860EDB /* RecipeAppUI.app */,
			);
			name = Products;
			sourceTree = "<group>";
		};
		9150F0E62821122400860EDB /* RecipeAppUI */ = {
			isa = PBXGroup;
			children = (
				9150F0E72821122400860EDB /* RecipeAppUIApp.swift */,
				9150F0F52821123500860EDB /* Views */,
				9150F0F62821124200860EDB /* ViewModels */,
				9150F0F72821124F00860EDB /* Models */,
				9150F0EB2821122700860EDB /* Assets.xcassets */,
				9150F0ED2821122700860EDB /* Preview Content */,
			);
			path = RecipeAppUI;
			sourceTree = "<group>";
		};
		9150F0ED2821122700860EDB /* Preview Content */ = {
			isa = PBXGroup;
			children = (
				9150F0EE2821122700860EDB /* Preview Assets.xcassets */,
			);
			path = "Preview Content";
			sourceTree = "<group>";
		};
		9150F0F52821123500860EDB /* Views */ = {
			isa = PBXGroup;
			children = (
				9150F0F82821127000860EDB /* Main */,
				9150F1072822FE2100860EDB /* Detail */,
				9150F1082822FE2900860EDB /* Components */,
			);
			path = Views;
			sourceTree = "<group>";
		};
		9150F0F62821124200860EDB /* ViewModels */ = {
			isa = PBXGroup;
			children = (
			);
			path = ViewModels;
			sourceTree = "<group>";
		};
		9150F0F72821124F00860EDB /* Models */ = {
			isa = PBXGroup;
			children = (
				9150F105282117B300860EDB /* RecipeModel.swift */,
			);
			path = Models;
			sourceTree = "<group>";
		};
		9150F0F82821127000860EDB /* Main */ = {
			isa = PBXGroup;
			children = (
				9150F0E92821122400860EDB /* ContentView.swift */,
				9150F0F92821128900860EDB /* HomeView.swift */,
				9150F0FB2821129A00860EDB /* CategoriesView.swift */,
				9150F0FD282112C700860EDB /* NewRecipeView.swift */,
				9150F0FF282112D700860EDB /* FavouritesView.swift */,
				9150F101282112E300860EDB /* SettingsView.swift */,
				9150F103282112F300860EDB /* TabBar.swift */,
			);
			path = Main;
			sourceTree = "<group>";
		};
		9150F1072822FE2100860EDB /* Detail */ = {
			isa = PBXGroup;
			children = (
			);
			path = Detail;
			sourceTree = "<group>";
		};
		9150F1082822FE2900860EDB /* Components */ = {
			isa = PBXGroup;
			children = (
				9150F1092822FE4A00860EDB /* RecipeCard.swift */,
			);
			path = Components;
			sourceTree = "<group>";
		};
/* End PBXGroup section */

/* Begin PBXNativeTarget section */
		9150F0E32821122400860EDB /* RecipeAppUI */ = {
			isa = PBXNativeTarget;
			buildConfigurationList = 9150F0F22821122700860EDB /* Build configuration list for PBXNativeTarget "RecipeAppUI" */;
			buildPhases = (
				9150F0E02821122400860EDB /* Sources */,
				9150F0E12821122400860EDB /* Frameworks */,
				9150F0E22821122400860EDB /* Resources */,
			);
			buildRules = (
			);
			dependencies = (
			);
			name = RecipeAppUI;
			productName = RecipeAppUI;
			productReference = 9150F0E42821122400860EDB /* RecipeAppUI.app */;
			productType = "com.apple.product-type.application";
		};
/* End PBXNativeTarget section */

/* Begin PBXProject section */
		9150F0DC2821122400860EDB /* Project object */ = {
			isa = PBXProject;
			attributes = {
				BuildIndependentTargetsInParallel = 1;
				LastSwiftUpdateCheck = 1320;
				LastUpgradeCheck = 1320;
				TargetAttributes = {
					9150F0E32821122400860EDB = {
						CreatedOnToolsVersion = 13.2.1;
					};
				};
			};
			buildConfigurationList = 9150F0DF2821122400860EDB /* Build configuration list for PBXProject "RecipeAppUI" */;
			compatibilityVersion = "Xcode 13.0";
			developmentRegion = en;
			hasScannedForEncodings = 0;
			knownRegions = (
				en,
				Base,
			);
			mainGroup = 9150F0DB2821122400860EDB;
			productRefGroup = 9150F0E52821122400860EDB /* Products */;
			projectDirPath = "";
			projectRoot = "";
			targets = (
				9150F0E32821122400860EDB /* RecipeAppUI */,
			);
		};
/* End PBXProject section */

/* Begin PBXResourcesBuildPhase section */
		9150F0E22821122400860EDB /* Resources */ = {
			isa = PBXResourcesBuildPhase;
			buildActionMask = 2147483647;
			files = (
				9150F0EF2821122700860EDB /* Preview Assets.xcassets in Resources */,
				9150F0EC2821122700860EDB /* Assets.xcassets in Resources */,
			);
			runOnlyForDeploymentPostprocessing = 0;
		};
/* End PBXResourcesBuildPhase section */

/* Begin PBXSourcesBuildPhase section */
		9150F0E02821122400860EDB /* Sources */ = {
			isa = PBXSourcesBuildPhase;
			buildActionMask = 2147483647;
			files = (
				9150F102282112E300860EDB /* SettingsView.swift in Sources */,
				9150F10A2822FE4A00860EDB /* RecipeCard.swift in Sources */,
				9150F0FC2821129A00860EDB /* CategoriesView.swift in Sources */,
				9150F0FE282112C700860EDB /* NewRecipeView.swift in Sources */,
				9150F104282112F300860EDB /* TabBar.swift in Sources */,
				9150F0FA2821128900860EDB /* HomeView.swift in Sources */,
				9150F0EA2821122400860EDB /* ContentView.swift in Sources */,
				9150F100282112D800860EDB /* FavouritesView.swift in Sources */,
				9150F0E82821122400860EDB /* RecipeAppUIApp.swift in Sources */,
				9150F106282117B300860EDB /* RecipeModel.swift in Sources */,
			);
			runOnlyForDeploymentPostprocessing = 0;
		};
/* End PBXSourcesBuildPhase section */

/* Begin XCBuildConfiguration section */
		9150F0F02821122700860EDB /* Debug */ = {
			isa = XCBuildConfiguration;
			buildSettings = {
				ALWAYS_SEARCH_USER_PATHS = NO;
				CLANG_ANALYZER_NONNULL = YES;
				CLANG_ANALYZER_NUMBER_OBJECT_CONVERSION = YES_AGGRESSIVE;
				CLANG_CXX_LANGUAGE_STANDARD = "gnu++17";
				CLANG_CXX_LIBRARY = "libc++";
				CLANG_ENABLE_MODULES = YES;
				CLANG_ENABLE_OBJC_ARC = YES;
				CLANG_ENABLE_OBJC_WEAK = YES;
				CLANG_WARN_BLOCK_CAPTURE_AUTORELEASING = YES;
				CLANG_WARN_BOOL_CONVERSION = YES;
				CLANG_WARN_COMMA = YES;
				CLANG_WARN_CONSTANT_CONVERSION = YES;
				CLANG_WARN_DEPRECATED_OBJC_IMPLEMENTATIONS = YES;
				CLANG_WARN_DIRECT_OBJC_ISA_USAGE = YES_ERROR;
				CLANG_WARN_DOCUMENTATION_COMMENTS = YES;
				CLANG_WARN_EMPTY_BODY = YES;
				CLANG_WARN_ENUM_CONVERSION = YES;
				CLANG_WARN_INFINITE_RECURSION = YES;
				CLANG_WARN_INT_CONVERSION = YES;
				CLANG_WARN_NON_LITERAL_NULL_CONVERSION = YES;
				CLANG_WARN_OBJC_IMPLICIT_RETAIN_SELF = YES;
				CLANG_WARN_OBJC_LITERAL_CONVERSION = YES;
				CLANG_WARN_OBJC_ROOT_CLASS = YES_ERROR;
				CLANG_WARN_QUOTED_INCLUDE_IN_FRAMEWORK_HEADER = YES;
				CLANG_WARN_RANGE_LOOP_ANALYSIS = YES;
				CLANG_WARN_STRICT_PROTOTYPES = YES;
				CLANG_WARN_SUSPICIOUS_MOVE = YES;
				CLANG_WARN_UNGUARDED_AVAILABILITY = YES_AGGRESSIVE;
				CLANG_WARN_UNREACHABLE_CODE = YES;
				CLANG_WARN__DUPLICATE_METHOD_MATCH = YES;
				COPY_PHASE_STRIP = NO;
				DEBUG_INFORMATION_FORMAT = dwarf;
				ENABLE_STRICT_OBJC_MSGSEND = YES;
				ENABLE_TESTABILITY = YES;
				GCC_C_LANGUAGE_STANDARD = gnu11;
				GCC_DYNAMIC_NO_PIC = NO;
				GCC_NO_COMMON_BLOCKS = YES;
				GCC_OPTIMIZATION_LEVEL = 0;
				GCC_PREPROCESSOR_DEFINITIONS = (
					"DEBUG=1",
					"$(inherited)",
				);
				GCC_WARN_64_TO_32_BIT_CONVERSION = YES;
				GCC_WARN_ABOUT_RETURN_TYPE = YES_ERROR;
				GCC_WARN_UNDECLARED_SELECTOR = YES;
				GCC_WARN_UNINITIALIZED_AUTOS = YES_AGGRESSIVE;
				GCC_WARN_UNUSED_FUNCTION = YES;
				GCC_WARN_UNUSED_VARIABLE = YES;
				IPHONEOS_DEPLOYMENT_TARGET = 15.2;
				MTL_ENABLE_DEBUG_INFO = INCLUDE_SOURCE;
				MTL_FAST_MATH = YES;
				ONLY_ACTIVE_ARCH = YES;
				SDKROOT = iphoneos;
				SWIFT_ACTIVE_COMPILATION_CONDITIONS = DEBUG;
				SWIFT_OPTIMIZATION_LEVEL = "-Onone";
			};
			name = Debug;
		};
		9150F0F12821122700860EDB /* Release */ = {
			isa = XCBuildConfiguration;
			buildSettings = {
				ALWAYS_SEARCH_USER_PATHS = NO;
				CLANG_ANALYZER_NONNULL = YES;
				CLANG_ANALYZER_NUMBER_OBJECT_CONVERSION = YES_AGGRESSIVE;
				CLANG_CXX_LANGUAGE_STANDARD = "gnu++17";
				CLANG_CXX_LIBRARY = "libc++";
				CLANG_ENABLE_MODULES = YES;
				CLANG_ENABLE_OBJC_ARC = YES;
				CLANG_ENABLE_OBJC_WEAK = YES;
				CLANG_WARN_BLOCK_CAPTURE_AUTORELEASING = YES;
				CLANG_WARN_BOOL_CONVERSION = YES;
				CLANG_WARN_COMMA = YES;
				CLANG_WARN_CONSTANT_CONVERSION = YES;
				CLANG_WARN_DEPRECATED_OBJC_IMPLEMENTATIONS = YES;
				CLANG_WARN_DIRECT_OBJC_ISA_USAGE = YES_ERROR;
				CLANG_WARN_DOCUMENTATION_COMMENTS = YES;
				CLANG_WARN_EMPTY_BODY = YES;
				CLANG_WARN_ENUM_CONVERSION = YES;
				CLANG_WARN_INFINITE_RECURSION = YES;
				CLANG_WARN_INT_CONVERSION = YES;
				CLANG_WARN_NON_LITERAL_NULL_CONVERSION = YES;
				CLANG_WARN_OBJC_IMPLICIT_RETAIN_SELF = YES;
				CLANG_WARN_OBJC_LITERAL_CONVERSION = YES;
				CLANG_WARN_OBJC_ROOT_CLASS = YES_ERROR;
				CLANG_WARN_QUOTED_INCLUDE_IN_FRAMEWORK_HEADER = YES;
				CLANG_WARN_RANGE_LOOP_ANALYSIS = YES;
				CLANG_WARN_STRICT_PROTOTYPES = YES;
				CLANG_WARN_SUSPICIOUS_MOVE = YES;
				CLANG_WARN_UNGUARDED_AVAILABILITY = YES_AGGRESSIVE;
				CLANG_WARN_UNREACHABLE_CODE = YES;
				CLANG_WARN__DUPLICATE_METHOD_MATCH = YES;
				COPY_PHASE_STRIP = NO;
				DEBUG_INFORMATION_FORMAT = "dwarf-with-dsym";
				ENABLE_NS_ASSERTIONS = NO;
				ENABLE_STRICT_OBJC_MSGSEND = YES;
				GCC_C_LANGUAGE_STANDARD = gnu11;
				GCC_NO_COMMON_BLOCKS = YES;
				GCC_WARN_64_TO_32_BIT_CONVERSION = YES;
				GCC_WARN_ABOUT_RETURN_TYPE = YES_ERROR;
				GCC_WARN_UNDECLARED_SELECTOR = YES;
				GCC_WARN_UNINITIALIZED_AUTOS = YES_AGGRESSIVE;
				GCC_WARN_UNUSED_FUNCTION = YES;
				GCC_WARN_UNUSED_VARIABLE = YES;
				IPHONEOS_DEPLOYMENT_TARGET = 15.2;
				MTL_ENABLE_DEBUG_INFO = NO;
				MTL_FAST_MATH = YES;
				SDKROOT = iphoneos;
				SWIFT_COMPILATION_MODE = wholemodule;
				SWIFT_OPTIMIZATION_LEVEL = "-O";
				VALIDATE_PRODUCT = YES;
			};
			name = Release;
		};
		9150F0F32821122700860EDB /* Debug */ = {
			isa = XCBuildConfiguration;
			buildSettings = {
				ASSETCATALOG_COMPILER_APPICON_NAME = AppIcon;
				ASSETCATALOG_COMPILER_GLOBAL_ACCENT_COLOR_NAME = AccentColor;
				CODE_SIGN_STYLE = Automatic;
				CURRENT_PROJECT_VERSION = 1;
				DEVELOPMENT_ASSET_PATHS = "\"RecipeAppUI/Preview Content\"";
				ENABLE_PREVIEWS = YES;
				GENERATE_INFOPLIST_FILE = YES;
				INFOPLIST_KEY_UIApplicationSceneManifest_Generation = YES;
				INFOPLIST_KEY_UIApplicationSupportsIndirectInputEvents = YES;
				INFOPLIST_KEY_UILaunchScreen_Generation = YES;
				INFOPLIST_KEY_UISupportedInterfaceOrientations_iPad = "UIInterfaceOrientationPortrait UIInterfaceOrientationPortraitUpsideDown UIInterfaceOrientationLandscapeLeft UIInterfaceOrientationLandscapeRight";
				INFOPLIST_KEY_UISupportedInterfaceOrientations_iPhone = "UIInterfaceOrientationPortrait UIInterfaceOrientationLandscapeLeft UIInterfaceOrientationLandscapeRight";
				LD_RUNPATH_SEARCH_PATHS = (
					"$(inherited)",
					"@executable_path/Frameworks",
				);
				MARKETING_VERSION = 1.0;
				PRODUCT_BUNDLE_IDENTIFIER = com.help.RecipeAppUI;
				PRODUCT_NAME = "$(TARGET_NAME)";
				SWIFT_EMIT_LOC_STRINGS = YES;
				SWIFT_VERSION = 5.0;
				TARGETED_DEVICE_FAMILY = "1,2";
			};
			name = Debug;
		};
		9150F0F42821122700860EDB /* Release */ = {
			isa = XCBuildConfiguration;
			buildSettings = {
				ASSETCATALOG_COMPILER_APPICON_NAME = AppIcon;
				ASSETCATALOG_COMPILER_GLOBAL_ACCENT_COLOR_NAME = AccentColor;
				CODE_SIGN_STYLE = Automatic;
				CURRENT_PROJECT_VERSION = 1;
				DEVELOPMENT_ASSET_PATHS = "\"RecipeAppUI/Preview Content\"";
				ENABLE_PREVIEWS = YES;
				GENERATE_INFOPLIST_FILE = YES;
				INFOPLIST_KEY_UIApplicationSceneManifest_Generation = YES;
				INFOPLIST_KEY_UIApplicationSupportsIndirectInputEvents = YES;
				INFOPLIST_KEY_UILaunchScreen_Generation = YES;
				INFOPLIST_KEY_UISupportedInterfaceOrientations_iPad = "UIInterfaceOrientationPortrait UIInterfaceOrientationPortraitUpsideDown UIInterfaceOrientationLandscapeLeft UIInterfaceOrientationLandscapeRight";
				INFOPLIST_KEY_UISupportedInterfaceOrientations_iPhone = "UIInterfaceOrientationPortrait UIInterfaceOrientationLandscapeLeft UIInterfaceOrientationLandscapeRight";
				LD_RUNPATH_SEARCH_PATHS = (
					"$(inherited)",
					"@executable_path/Frameworks",
				);
				MARKETING_VERSION = 1.0;
				PRODUCT_BUNDLE_IDENTIFIER = com.help.RecipeAppUI;
				PRODUCT_NAME = "$(TARGET_NAME)";
				SWIFT_EMIT_LOC_STRINGS = YES;
				SWIFT_VERSION = 5.0;
				TARGETED_DEVICE_FAMILY = "1,2";
			};
			name = Release;
		};
/* End XCBuildConfiguration section */

/* Begin XCConfigurationList section */
		9150F0DF2821122400860EDB /* Build configuration list for PBXProject "RecipeAppUI" */ = {
			isa = XCConfigurationList;
			buildConfigurations = (
				9150F0F02821122700860EDB /* Debug */,
				9150F0F12821122700860EDB /* Release */,
			);
			defaultConfigurationIsVisible = 0;
			defaultConfigurationName = Release;
		};
		9150F0F22821122700860EDB /* Build configuration list for PBXNativeTarget "RecipeAppUI" */ = {
			isa = XCConfigurationList;
			buildConfigurations = (
				9150F0F32821122700860EDB /* Debug */,
				9150F0F42821122700860EDB /* Release */,
			);
			defaultConfigurationIsVisible = 0;
			defaultConfigurationName = Release;
		};
/* End XCConfigurationList section */
	};
	rootObject = 9150F0DC2821122400860EDB /* Project object */;
}
